
Microsoft Visual Studio Solution File, Format Version 12.00
# Visual Studio Version 17
VisualStudioVersion = 17.13.35919.96 d17.13
MinimumVisualStudioVersion = 10.0.40219.1
Project("{FAE04EC0-301F-11D3-BF4B-00C04F79EFBC}") = "ASP.NetCoreMVC_SchoolSystem", "ASP.NetCoreMVC_SchoolSystem.csproj", "{AE83312D-63E7-48C1-AAFA-36C201C0B266}"
EndProject
Global
	GlobalSection(SolutionConfigurationPlatforms) = preSolution
		Debug|Any CPU = Debug|Any CPU
		Release|Any CPU = Release|Any CPU
	EndGlobalSection
	GlobalSection(ProjectConfigurationPlatforms) = postSolution
		{AE83312D-63E7-48C1-AAFA-36C201C0B266}.Debug|Any CPU.ActiveCfg = Debug|Any CPU
		{AE83312D-63E7-48C1-AAFA-36C201C0B266}.Debug|Any CPU.Build.0 = Debug|Any CPU
		{AE83312D-63E7-48C1-AAFA-36C201C0B266}.Release|Any CPU.ActiveCfg = Release|Any CPU
		{AE83312D-63E7-48C1-AAFA-36C201C0B266}.Release|Any CPU.Build.0 = Release|Any CPU
	EndGlobalSection
	GlobalSection(SolutionProperties) = preSolution
		HideSolutionNode = FALSE
	EndGlobalSection
	GlobalSection(ExtensibilityGlobals) = postSolution
		SolutionGuid = {F829AEA6-3C4C-4728-8BC8-5C73259B58E3}
	EndGlobalSection
EndGlobal
